
Microsoft Visual Studio Solution File, Format Version 12.00
# Visual Studio 15
VisualStudioVersion = 15.0.27428.2015
MinimumVisualStudioVersion = 10.0.40219.1
Project("{FAE04EC0-301F-11D3-BF4B-00C04F79EFBC}") = "Scribe.Api.Library", "Scribe.Api.Library\Scribe.Api.Library.csproj", "{805EB18C-F2E7-40F3-9A47-17BD54DF7B39}"
EndProject
Project("{FAE04EC0-301F-11D3-BF4B-00C04F79EFBC}") = "Scribe.Api.UnitTests.TDD", "Scribe.Api.UnitTests.TDD\Scribe.Api.UnitTests.TDD.csproj", "{3DFB49DF-9DF4-4E67-9A9E-285FF6E7AFD9}"
EndProject
Global
	GlobalSection(SolutionConfigurationPlatforms) = preSolution
		Debug|Any CPU = Debug|Any CPU
		Release|Any CPU = Release|Any CPU
	EndGlobalSection
	GlobalSection(ProjectConfigurationPlatforms) = postSolution
		{805EB18C-F2E7-40F3-9A47-17BD54DF7B39}.Debug|Any CPU.ActiveCfg = Debug|Any CPU
		{805EB18C-F2E7-40F3-9A47-17BD54DF7B39}.Debug|Any CPU.Build.0 = Debug|Any CPU
		{805EB18C-F2E7-40F3-9A47-17BD54DF7B39}.Release|Any CPU.ActiveCfg = Release|Any CPU
		{805EB18C-F2E7-40F3-9A47-17BD54DF7B39}.Release|Any CPU.Build.0 = Release|Any CPU
		{3DFB49DF-9DF4-4E67-9A9E-285FF6E7AFD9}.Debug|Any CPU.ActiveCfg = Debug|Any CPU
		{3DFB49DF-9DF4-4E67-9A9E-285FF6E7AFD9}.Debug|Any CPU.Build.0 = Debug|Any CPU
		{3DFB49DF-9DF4-4E67-9A9E-285FF6E7AFD9}.Release|Any CPU.ActiveCfg = Release|Any CPU
		{3DFB49DF-9DF4-4E67-9A9E-285FF6E7AFD9}.Release|Any CPU.Build.0 = Release|Any CPU
	EndGlobalSection
	GlobalSection(SolutionProperties) = preSolution
		HideSolutionNode = FALSE
	EndGlobalSection
	GlobalSection(ExtensibilityGlobals) = postSolution
		SolutionGuid = {1408018F-F3F7-48C0-A2D2-E18636A1881B}
	EndGlobalSection
EndGlobal
